
Microsoft Visual Studio Solution File, Format Version 12.00
# Visual Studio 15
VisualStudioVersion = 15.0.27004.2009
MinimumVisualStudioVersion = 10.0.40219.1
Project("{FAE04EC0-301F-11D3-BF4B-00C04F79EFBC}") = "HyperEditX", "HyperEditX.csproj", "{21432763-8D7E-4B35-9148-4F25AC528FAC}"
EndProject
Global
	GlobalSection(SolutionConfigurationPlatforms) = preSolution
		Debug|Any CPU = Debug|Any CPU
		Release|Any CPU = Release|Any CPU
	EndGlobalSection
	GlobalSection(ProjectConfigurationPlatforms) = postSolution
		{21432763-8D7E-4B35-9148-4F25AC528FAC}.Debug|Any CPU.ActiveCfg = Debug|Any CPU
		{21432763-8D7E-4B35-9148-4F25AC528FAC}.Debug|Any CPU.Build.0 = Debug|Any CPU
		{21432763-8D7E-4B35-9148-4F25AC528FAC}.Release|Any CPU.ActiveCfg = Release|Any CPU
		{21432763-8D7E-4B35-9148-4F25AC528FAC}.Release|Any CPU.Build.0 = Release|Any CPU
	EndGlobalSection
	GlobalSection(SolutionProperties) = preSolution
		HideSolutionNode = FALSE
	EndGlobalSection
	GlobalSection(ExtensibilityGlobals) = postSolution
		SolutionGuid = {0CD365DD-1E6B-4A8F-A909-693B958B61A1}
	EndGlobalSection
EndGlobal
